
Microsoft Visual Studio Solution File, Format Version 12.00
# Visual Studio Version 18
VisualStudioVersion = 18.5.11801.241
MinimumVisualStudioVersion = 10.0.40219.1
Project("{FAE04EC0-301F-11D3-BF4B-00C04F79EFBC}") = "Hyz.RabbitMQ.Abstractions", "src\Hyz.RabbitMQ.Abstractions\Hyz.RabbitMQ.Abstractions.csproj", "{A1B2C3D4-E5F6-7890-ABCD-EF1234567890}"
EndProject
Project("{FAE04EC0-301F-11D3-BF4B-00C04F79EFBC}") = "Hyz.RabbitMQ.Core", "src\Hyz.RabbitMQ.Core\Hyz.RabbitMQ.Core.csproj", "{B2C3D4E5-F678-9012-BCDE-F12345678901}"
EndProject
Project("{FAE04EC0-301F-11D3-BF4B-00C04F79EFBC}") = "Hyz.RabbitMQ.Subscriber", "src\Hyz.RabbitMQ.Subscriber\Hyz.RabbitMQ.Subscriber.csproj", "{D4E5F678-9012-3456-DEF0-234567890123}"
EndProject
Project("{FAE04EC0-301F-11D3-BF4B-00C04F79EFBC}") = "Hyz.RabbitMQ.Extensions", "src\Hyz.RabbitMQ.Extensions\Hyz.RabbitMQ.Extensions.csproj", "{E5F67890-1234-5678-EF01-345678901234}"
EndProject
Project("{FAE04EC0-301F-11D3-BF4B-00C04F79EFBC}") = "Hyz.RabbitMQ.Serialization", "src\Hyz.RabbitMQ.Serialization\Hyz.RabbitMQ.Serialization.csproj", "{F6F78901-2345-6789-0123-456789012345}"
EndProject
Project("{FAE04EC0-301F-11D3-BF4B-00C04F79EFBC}") = "Hyz.RabbitMQ.Tests", "tests\Hyz.RabbitMQ.Tests\Hyz.RabbitMQ.Tests.csproj", "{77777777-7777-7777-7777-777777777777}"
EndProject
Project("{2150E333-8FDC-42A3-9474-1A3956D46DE8}") = "src", "src", "{827E0CD3-B72D-47B6-A68D-7590B98EB39B}"
EndProject
Project("{2150E333-8FDC-42A3-9474-1A3956D46DE8}") = "samples", "samples", "{927E0CD3-B72D-47B6-A68D-7590B98EB39C}"
EndProject
Project("{FAE04EC0-301F-11D3-BF4B-00C04F79EFBC}") = "Hyz.RabbitMQ.Generator", "src\Hyz.RabbitMQ.Generator\Hyz.RabbitMQ.Generator.csproj", "{EDFA8265-FFCF-4F0E-A004-625C7B84B513}"
EndProject
Project("{FAE04EC0-301F-11D3-BF4B-00C04F79EFBC}") = "Sample.FullChainTest", "samples\Sample.FullChainTest\Sample.FullChainTest.csproj", "{AABBCCDD-1122-3344-5566-778899AABBCC}"
EndProject
Project("{2150E333-8FDC-42A3-9474-1A3956D46DE8}") = "tests", "tests", "{B31C503D-6C14-4B26-869D-5F7A2B988670}"
EndProject
Project("{FAE04EC0-301F-11D3-BF4B-00C04F79EFBC}") = "Hyz.RabbitMQ.IntegrationTests", "tests\Hyz.RabbitMQ.IntegrationTests\Hyz.RabbitMQ.IntegrationTests.csproj", "{DDCBC438-A455-69B8-8D4D-6AB38282DB1A}"
EndProject
Project("{2150E333-8FDC-42A3-9474-1A3956D46DE8}") = "benchmarks", "benchmarks", "{E66F93CB-1DA2-4061-ABD5-6F9E39C623E1}"
EndProject
Project("{FAE04EC0-301F-11D3-BF4B-00C04F79EFBC}") = "Sample.Benchmarks", "benchmarks\Sample.Benchmarks\Sample.Benchmarks.csproj", "{3E77D314-C46C-588D-8963-8555BC8E3253}"
EndProject
Project("{FAE04EC0-301F-11D3-BF4B-00C04F79EFBC}") = "Sample.BackgroundService", "samples\Sample.BackgroundService\Sample.BackgroundService.csproj", "{BD63D317-564F-E4E7-8F9B-C964EAAA4CA4}"
EndProject
Project("{FAE04EC0-301F-11D3-BF4B-00C04F79EFBC}") = "Sample.BasicUsage", "samples\Sample.BasicUsage\Sample.BasicUsage.csproj", "{6A635943-2D62-9A14-04FA-ED1F32B6B069}"
EndProject
Project("{FAE04EC0-301F-11D3-BF4B-00C04F79EFBC}") = "Sample.BatchProcessing", "samples\Sample.BatchProcessing\Sample.BatchProcessing.csproj", "{B6FA4068-1F9D-F7D7-8055-A8BB0325B02C}"
EndProject
Project("{FAE04EC0-301F-11D3-BF4B-00C04F79EFBC}") = "Sample.MultiConnection", "samples\Sample.MultiConnection\Sample.MultiConnection.csproj", "{2545316B-EDF6-1AFF-2E9B-558833B3D81D}"
EndProject
Project("{FAE04EC0-301F-11D3-BF4B-00C04F79EFBC}") = "Sample.PublishSubscribe", "samples\Sample.PublishSubscribe\Sample.PublishSubscribe.csproj", "{DE76DFA9-5190-20D3-CE50-8D20B22D0D1A}"
EndProject
Project("{FAE04EC0-301F-11D3-BF4B-00C04F79EFBC}") = "Sample.Rpc", "samples\Sample.Rpc\Sample.Rpc.csproj", "{6512C14C-C4DC-8ABF-781B-AA1A53A1F26D}"
EndProject
Project("{FAE04EC0-301F-11D3-BF4B-00C04F79EFBC}") = "Sample.SubscriberScan", "samples\Sample.SubscriberScan\Sample.SubscriberScan.csproj", "{D650B8C6-4A9E-A694-5BF5-2EF8D4CD1741}"
EndProject
Project("{FAE04EC0-301F-11D3-BF4B-00C04F79EFBC}") = "Sample.WorkQueue", "samples\Sample.WorkQueue\Sample.WorkQueue.csproj", "{198FD010-DDF2-753E-0DDD-ACD190A8D1FF}"
EndProject
Project("{FAE04EC0-301F-11D3-BF4B-00C04F79EFBC}") = "Hyz.RabbitMQ.Client", "src\Hyz.RabbitMQ.Client\Hyz.RabbitMQ.Client.csproj", "{C1D2E3F4-A5B6-7890-CDEF-0123456789AB}"
EndProject
Global
	GlobalSection(SolutionConfigurationPlatforms) = preSolution
		Debug|Any CPU = Debug|Any CPU
		Debug|x64 = Debug|x64
		Debug|x86 = Debug|x86
		Release|Any CPU = Release|Any CPU
		Release|x64 = Release|x64
		Release|x86 = Release|x86
	EndGlobalSection
	GlobalSection(ProjectConfigurationPlatforms) = postSolution
		{A1B2C3D4-E5F6-7890-ABCD-EF1234567890}.Debug|Any CPU.ActiveCfg = Debug|Any CPU
		{A1B2C3D4-E5F6-7890-ABCD-EF1234567890}.Debug|Any CPU.Build.0 = Debug|Any CPU
		{A1B2C3D4-E5F6-7890-ABCD-EF1234567890}.Debug|x64.ActiveCfg = Debug|Any CPU
		{A1B2C3D4-E5F6-7890-ABCD-EF1234567890}.Debug|x64.Build.0 = Debug|Any CPU
		{A1B2C3D4-E5F6-7890-ABCD-EF1234567890}.Debug|x86.ActiveCfg = Debug|Any CPU
		{A1B2C3D4-E5F6-7890-ABCD-EF1234567890}.Debug|x86.Build.0 = Debug|Any CPU
		{A1B2C3D4-E5F6-7890-ABCD-EF1234567890}.Release|Any CPU.ActiveCfg = Release|Any CPU
		{A1B2C3D4-E5F6-7890-ABCD-EF1234567890}.Release|Any CPU.Build.0 = Release|Any CPU
		{A1B2C3D4-E5F6-7890-ABCD-EF1234567890}.Release|x64.ActiveCfg = Release|Any CPU
		{A1B2C3D4-E5F6-7890-ABCD-EF1234567890}.Release|x64.Build.0 = Release|Any CPU
		{A1B2C3D4-E5F6-7890-ABCD-EF1234567890}.Release|x86.ActiveCfg = Release|Any CPU
		{A1B2C3D4-E5F6-7890-ABCD-EF1234567890}.Release|x86.Build.0 = Release|Any CPU
		{B2C3D4E5-F678-9012-BCDE-F12345678901}.Debug|Any CPU.ActiveCfg = Debug|Any CPU
		{B2C3D4E5-F678-9012-BCDE-F12345678901}.Debug|Any CPU.Build.0 = Debug|Any CPU
		{B2C3D4E5-F678-9012-BCDE-F12345678901}.Debug|x64.ActiveCfg = Debug|Any CPU
		{B2C3D4E5-F678-9012-BCDE-F12345678901}.Debug|x64.Build.0 = Debug|Any CPU
		{B2C3D4E5-F678-9012-BCDE-F12345678901}.Debug|x86.ActiveCfg = Debug|Any CPU
		{B2C3D4E5-F678-9012-BCDE-F12345678901}.Debug|x86.Build.0 = Debug|Any CPU
		{B2C3D4E5-F678-9012-BCDE-F12345678901}.Release|Any CPU.ActiveCfg = Release|Any CPU
		{B2C3D4E5-F678-9012-BCDE-F12345678901}.Release|Any CPU.Build.0 = Release|Any CPU
		{B2C3D4E5-F678-9012-BCDE-F12345678901}.Release|x64.ActiveCfg = Release|Any CPU
		{B2C3D4E5-F678-9012-BCDE-F12345678901}.Release|x64.Build.0 = Release|Any CPU
		{B2C3D4E5-F678-9012-BCDE-F12345678901}.Release|x86.ActiveCfg = Release|Any CPU
		{B2C3D4E5-F678-9012-BCDE-F12345678901}.Release|x86.Build.0 = Release|Any CPU
		{D4E5F678-9012-3456-DEF0-234567890123}.Debug|Any CPU.ActiveCfg = Debug|Any CPU
		{D4E5F678-9012-3456-DEF0-234567890123}.Debug|Any CPU.Build.0 = Debug|Any CPU
		{D4E5F678-9012-3456-DEF0-234567890123}.Debug|x64.ActiveCfg = Debug|Any CPU
		{D4E5F678-9012-3456-DEF0-234567890123}.Debug|x64.Build.0 = Debug|Any CPU
		{D4E5F678-9012-3456-DEF0-234567890123}.Debug|x86.ActiveCfg = Debug|Any CPU
		{D4E5F678-9012-3456-DEF0-234567890123}.Debug|x86.Build.0 = Debug|Any CPU
		{D4E5F678-9012-3456-DEF0-234567890123}.Release|Any CPU.ActiveCfg = Release|Any CPU
		{D4E5F678-9012-3456-DEF0-234567890123}.Release|Any CPU.Build.0 = Release|Any CPU
		{D4E5F678-9012-3456-DEF0-234567890123}.Release|x64.ActiveCfg = Release|Any CPU
		{D4E5F678-9012-3456-DEF0-234567890123}.Release|x64.Build.0 = Release|Any CPU
		{D4E5F678-9012-3456-DEF0-234567890123}.Release|x86.ActiveCfg = Release|Any CPU
		{D4E5F678-9012-3456-DEF0-234567890123}.Release|x86.Build.0 = Release|Any CPU
		{E5F67890-1234-5678-EF01-345678901234}.Debug|Any CPU.ActiveCfg = Debug|Any CPU
		{E5F67890-1234-5678-EF01-345678901234}.Debug|Any CPU.Build.0 = Debug|Any CPU
		{E5F67890-1234-5678-EF01-345678901234}.Debug|x64.ActiveCfg = Debug|Any CPU
		{E5F67890-1234-5678-EF01-345678901234}.Debug|x64.Build.0 = Debug|Any CPU
		{E5F67890-1234-5678-EF01-345678901234}.Debug|x86.ActiveCfg = Debug|Any CPU
		{E5F67890-1234-5678-EF01-345678901234}.Debug|x86.Build.0 = Debug|Any CPU
		{E5F67890-1234-5678-EF01-345678901234}.Release|Any CPU.ActiveCfg = Release|Any CPU
		{E5F67890-1234-5678-EF01-345678901234}.Release|Any CPU.Build.0 = Release|Any CPU
		{E5F67890-1234-5678-EF01-345678901234}.Release|x64.ActiveCfg = Release|Any CPU
		{E5F67890-1234-5678-EF01-345678901234}.Release|x64.Build.0 = Release|Any CPU
		{E5F67890-1234-5678-EF01-345678901234}.Release|x86.ActiveCfg = Release|Any CPU
		{E5F67890-1234-5678-EF01-345678901234}.Release|x86.Build.0 = Release|Any CPU
		{F6F78901-2345-6789-0123-456789012345}.Debug|Any CPU.ActiveCfg = Debug|Any CPU
		{F6F78901-2345-6789-0123-456789012345}.Debug|Any CPU.Build.0 = Debug|Any CPU
		{F6F78901-2345-6789-0123-456789012345}.Debug|x64.ActiveCfg = Debug|Any CPU
		{F6F78901-2345-6789-0123-456789012345}.Debug|x64.Build.0 = Debug|Any CPU
		{F6F78901-2345-6789-0123-456789012345}.Debug|x86.ActiveCfg = Debug|Any CPU
		{F6F78901-2345-6789-0123-456789012345}.Debug|x86.Build.0 = Debug|Any CPU
		{F6F78901-2345-6789-0123-456789012345}.Release|Any CPU.ActiveCfg = Release|Any CPU
		{F6F78901-2345-6789-0123-456789012345}.Release|Any CPU.Build.0 = Release|Any CPU
		{F6F78901-2345-6789-0123-456789012345}.Release|x64.ActiveCfg = Release|Any CPU
		{F6F78901-2345-6789-0123-456789012345}.Release|x64.Build.0 = Release|Any CPU
		{F6F78901-2345-6789-0123-456789012345}.Release|x86.ActiveCfg = Release|Any CPU
		{F6F78901-2345-6789-0123-456789012345}.Release|x86.Build.0 = Release|Any CPU
		{77777777-7777-7777-7777-777777777777}.Debug|Any CPU.ActiveCfg = Debug|Any CPU
		{77777777-7777-7777-7777-777777777777}.Debug|Any CPU.Build.0 = Debug|Any CPU
		{77777777-7777-7777-7777-777777777777}.Debug|x64.ActiveCfg = Debug|Any CPU
		{77777777-7777-7777-7777-777777777777}.Debug|x64.Build.0 = Debug|Any CPU
		{77777777-7777-7777-7777-777777777777}.Debug|x86.ActiveCfg = Debug|Any CPU
		{77777777-7777-7777-7777-777777777777}.Debug|x86.Build.0 = Debug|Any CPU
		{77777777-7777-7777-7777-777777777777}.Release|Any CPU.ActiveCfg = Release|Any CPU
		{77777777-7777-7777-7777-777777777777}.Release|Any CPU.Build.0 = Release|Any CPU
		{77777777-7777-7777-7777-777777777777}.Release|x64.ActiveCfg = Release|Any CPU
		{77777777-7777-7777-7777-777777777777}.Release|x64.Build.0 = Release|Any CPU
		{77777777-7777-7777-7777-777777777777}.Release|x86.ActiveCfg = Release|Any CPU
		{77777777-7777-7777-7777-777777777777}.Release|x86.Build.0 = Release|Any CPU
		{EDFA8265-FFCF-4F0E-A004-625C7B84B513}.Debug|Any CPU.ActiveCfg = Debug|Any CPU
		{EDFA8265-FFCF-4F0E-A004-625C7B84B513}.Debug|Any CPU.Build.0 = Debug|Any CPU
		{EDFA8265-FFCF-4F0E-A004-625C7B84B513}.Debug|x64.ActiveCfg = Debug|Any CPU
		{EDFA8265-FFCF-4F0E-A004-625C7B84B513}.Debug|x64.Build.0 = Debug|Any CPU
		{EDFA8265-FFCF-4F0E-A004-625C7B84B513}.Debug|x86.ActiveCfg = Debug|Any CPU
		{EDFA8265-FFCF-4F0E-A004-625C7B84B513}.Debug|x86.Build.0 = Debug|Any CPU
		{EDFA8265-FFCF-4F0E-A004-625C7B84B513}.Release|Any CPU.ActiveCfg = Release|Any CPU
		{EDFA8265-FFCF-4F0E-A004-625C7B84B513}.Release|Any CPU.Build.0 = Release|Any CPU
		{EDFA8265-FFCF-4F0E-A004-625C7B84B513}.Release|x64.ActiveCfg = Release|Any CPU
		{EDFA8265-FFCF-4F0E-A004-625C7B84B513}.Release|x64.Build.0 = Release|Any CPU
		{EDFA8265-FFCF-4F0E-A004-625C7B84B513}.Release|x86.ActiveCfg = Release|Any CPU
		{EDFA8265-FFCF-4F0E-A004-625C7B84B513}.Release|x86.Build.0 = Release|Any CPU
		{AABBCCDD-1122-3344-5566-778899AABBCC}.Debug|Any CPU.ActiveCfg = Debug|Any CPU
		{AABBCCDD-1122-3344-5566-778899AABBCC}.Debug|Any CPU.Build.0 = Debug|Any CPU
		{AABBCCDD-1122-3344-5566-778899AABBCC}.Debug|x64.ActiveCfg = Debug|Any CPU
		{AABBCCDD-1122-3344-5566-778899AABBCC}.Debug|x64.Build.0 = Debug|Any CPU
		{AABBCCDD-1122-3344-5566-778899AABBCC}.Debug|x86.ActiveCfg = Debug|Any CPU
		{AABBCCDD-1122-3344-5566-778899AABBCC}.Debug|x86.Build.0 = Debug|Any CPU
		{AABBCCDD-1122-3344-5566-778899AABBCC}.Release|Any CPU.ActiveCfg = Release|Any CPU
		{AABBCCDD-1122-3344-5566-778899AABBCC}.Release|Any CPU.Build.0 = Release|Any CPU
		{AABBCCDD-1122-3344-5566-778899AABBCC}.Release|x64.ActiveCfg = Release|Any CPU
		{AABBCCDD-1122-3344-5566-778899AABBCC}.Release|x64.Build.0 = Release|Any CPU
		{AABBCCDD-1122-3344-5566-778899AABBCC}.Release|x86.ActiveCfg = Release|Any CPU
		{AABBCCDD-1122-3344-5566-778899AABBCC}.Release|x86.Build.0 = Release|Any CPU
		{DDCBC438-A455-69B8-8D4D-6AB38282DB1A}.Debug|Any CPU.ActiveCfg = Debug|Any CPU
		{DDCBC438-A455-69B8-8D4D-6AB38282DB1A}.Debug|Any CPU.Build.0 = Debug|Any CPU
		{DDCBC438-A455-69B8-8D4D-6AB38282DB1A}.Debug|x64.ActiveCfg = Debug|Any CPU
		{DDCBC438-A455-69B8-8D4D-6AB38282DB1A}.Debug|x64.Build.0 = Debug|Any CPU
		{DDCBC438-A455-69B8-8D4D-6AB38282DB1A}.Debug|x86.ActiveCfg = Debug|Any CPU
		{DDCBC438-A455-69B8-8D4D-6AB38282DB1A}.Debug|x86.Build.0 = Debug|Any CPU
		{DDCBC438-A455-69B8-8D4D-6AB38282DB1A}.Release|Any CPU.ActiveCfg = Release|Any CPU
		{DDCBC438-A455-69B8-8D4D-6AB38282DB1A}.Release|Any CPU.Build.0 = Release|Any CPU
		{DDCBC438-A455-69B8-8D4D-6AB38282DB1A}.Release|x64.ActiveCfg = Release|Any CPU
		{DDCBC438-A455-69B8-8D4D-6AB38282DB1A}.Release|x64.Build.0 = Release|Any CPU
		{DDCBC438-A455-69B8-8D4D-6AB38282DB1A}.Release|x86.ActiveCfg = Release|Any CPU
		{DDCBC438-A455-69B8-8D4D-6AB38282DB1A}.Release|x86.Build.0 = Release|Any CPU
		{3E77D314-C46C-588D-8963-8555BC8E3253}.Debug|Any CPU.ActiveCfg = Debug|Any CPU
		{3E77D314-C46C-588D-8963-8555BC8E3253}.Debug|Any CPU.Build.0 = Debug|Any CPU
		{3E77D314-C46C-588D-8963-8555BC8E3253}.Debug|x64.ActiveCfg = Debug|Any CPU
		{3E77D314-C46C-588D-8963-8555BC8E3253}.Debug|x64.Build.0 = Debug|Any CPU
		{3E77D314-C46C-588D-8963-8555BC8E3253}.Debug|x86.ActiveCfg = Debug|Any CPU
		{3E77D314-C46C-588D-8963-8555BC8E3253}.Debug|x86.Build.0 = Debug|Any CPU
		{3E77D314-C46C-588D-8963-8555BC8E3253}.Release|Any CPU.ActiveCfg = Release|Any CPU
		{3E77D314-C46C-588D-8963-8555BC8E3253}.Release|Any CPU.Build.0 = Release|Any CPU
		{3E77D314-C46C-588D-8963-8555BC8E3253}.Release|x64.ActiveCfg = Release|Any CPU
		{3E77D314-C46C-588D-8963-8555BC8E3253}.Release|x64.Build.0 = Release|Any CPU
		{3E77D314-C46C-588D-8963-8555BC8E3253}.Release|x86.ActiveCfg = Release|Any CPU
		{3E77D314-C46C-588D-8963-8555BC8E3253}.Release|x86.Build.0 = Release|Any CPU
		{BD63D317-564F-E4E7-8F9B-C964EAAA4CA4}.Debug|Any CPU.ActiveCfg = Debug|Any CPU
		{BD63D317-564F-E4E7-8F9B-C964EAAA4CA4}.Debug|Any CPU.Build.0 = Debug|Any CPU
		{BD63D317-564F-E4E7-8F9B-C964EAAA4CA4}.Debug|x64.ActiveCfg = Debug|Any CPU
		{BD63D317-564F-E4E7-8F9B-C964EAAA4CA4}.Debug|x64.Build.0 = Debug|Any CPU
		{BD63D317-564F-E4E7-8F9B-C964EAAA4CA4}.Debug|x86.ActiveCfg = Debug|Any CPU
		{BD63D317-564F-E4E7-8F9B-C964EAAA4CA4}.Debug|x86.Build.0 = Debug|Any CPU
		{BD63D317-564F-E4E7-8F9B-C964EAAA4CA4}.Release|Any CPU.ActiveCfg = Release|Any CPU
		{BD63D317-564F-E4E7-8F9B-C964EAAA4CA4}.Release|Any CPU.Build.0 = Release|Any CPU
		{BD63D317-564F-E4E7-8F9B-C964EAAA4CA4}.Release|x64.ActiveCfg = Release|Any CPU
		{BD63D317-564F-E4E7-8F9B-C964EAAA4CA4}.Release|x64.Build.0 = Release|Any CPU
		{BD63D317-564F-E4E7-8F9B-C964EAAA4CA4}.Release|x86.ActiveCfg = Release|Any CPU
		{BD63D317-564F-E4E7-8F9B-C964EAAA4CA4}.Release|x86.Build.0 = Release|Any CPU
		{6A635943-2D62-9A14-04FA-ED1F32B6B069}.Debug|Any CPU.ActiveCfg = Debug|Any CPU
		{6A635943-2D62-9A14-04FA-ED1F32B6B069}.Debug|Any CPU.Build.0 = Debug|Any CPU
		{6A635943-2D62-9A14-04FA-ED1F32B6B069}.Debug|x64.ActiveCfg = Debug|Any CPU
		{6A635943-2D62-9A14-04FA-ED1F32B6B069}.Debug|x64.Build.0 = Debug|Any CPU
		{6A635943-2D62-9A14-04FA-ED1F32B6B069}.Debug|x86.ActiveCfg = Debug|Any CPU
		{6A635943-2D62-9A14-04FA-ED1F32B6B069}.Debug|x86.Build.0 = Debug|Any CPU
		{6A635943-2D62-9A14-04FA-ED1F32B6B069}.Release|Any CPU.ActiveCfg = Release|Any CPU
		{6A635943-2D62-9A14-04FA-ED1F32B6B069}.Release|Any CPU.Build.0 = Release|Any CPU
		{6A635943-2D62-9A14-04FA-ED1F32B6B069}.Release|x64.ActiveCfg = Release|Any CPU
		{6A635943-2D62-9A14-04FA-ED1F32B6B069}.Release|x64.Build.0 = Release|Any CPU
		{6A635943-2D62-9A14-04FA-ED1F32B6B069}.Release|x86.ActiveCfg = Release|Any CPU
		{6A635943-2D62-9A14-04FA-ED1F32B6B069}.Release|x86.Build.0 = Release|Any CPU
		{B6FA4068-1F9D-F7D7-8055-A8BB0325B02C}.Debug|Any CPU.ActiveCfg = Debug|Any CPU
		{B6FA4068-1F9D-F7D7-8055-A8BB0325B02C}.Debug|Any CPU.Build.0 = Debug|Any CPU
		{B6FA4068-1F9D-F7D7-8055-A8BB0325B02C}.Debug|x64.ActiveCfg = Debug|Any CPU
		{B6FA4068-1F9D-F7D7-8055-A8BB0325B02C}.Debug|x64.Build.0 = Debug|Any CPU
		{B6FA4068-1F9D-F7D7-8055-A8BB0325B02C}.Debug|x86.ActiveCfg = Debug|Any CPU
		{B6FA4068-1F9D-F7D7-8055-A8BB0325B02C}.Debug|x86.Build.0 = Debug|Any CPU
		{B6FA4068-1F9D-F7D7-8055-A8BB0325B02C}.Release|Any CPU.ActiveCfg = Release|Any CPU
		{B6FA4068-1F9D-F7D7-8055-A8BB0325B02C}.Release|Any CPU.Build.0 = Release|Any CPU
		{B6FA4068-1F9D-F7D7-8055-A8BB0325B02C}.Release|x64.ActiveCfg = Release|Any CPU
		{B6FA4068-1F9D-F7D7-8055-A8BB0325B02C}.Release|x64.Build.0 = Release|Any CPU
		{B6FA4068-1F9D-F7D7-8055-A8BB0325B02C}.Release|x86.ActiveCfg = Release|Any CPU
		{B6FA4068-1F9D-F7D7-8055-A8BB0325B02C}.Release|x86.Build.0 = Release|Any CPU
		{2545316B-EDF6-1AFF-2E9B-558833B3D81D}.Debug|Any CPU.ActiveCfg = Debug|Any CPU
		{2545316B-EDF6-1AFF-2E9B-558833B3D81D}.Debug|Any CPU.Build.0 = Debug|Any CPU
		{2545316B-EDF6-1AFF-2E9B-558833B3D81D}.Debug|x64.ActiveCfg = Debug|Any CPU
		{2545316B-EDF6-1AFF-2E9B-558833B3D81D}.Debug|x64.Build.0 = Debug|Any CPU
		{2545316B-EDF6-1AFF-2E9B-558833B3D81D}.Debug|x86.ActiveCfg = Debug|Any CPU
		{2545316B-EDF6-1AFF-2E9B-558833B3D81D}.Debug|x86.Build.0 = Debug|Any CPU
		{2545316B-EDF6-1AFF-2E9B-558833B3D81D}.Release|Any CPU.ActiveCfg = Release|Any CPU
		{2545316B-EDF6-1AFF-2E9B-558833B3D81D}.Release|Any CPU.Build.0 = Release|Any CPU
		{2545316B-EDF6-1AFF-2E9B-558833B3D81D}.Release|x64.ActiveCfg = Release|Any CPU
		{2545316B-EDF6-1AFF-2E9B-558833B3D81D}.Release|x64.Build.0 = Release|Any CPU
		{2545316B-EDF6-1AFF-2E9B-558833B3D81D}.Release|x86.ActiveCfg = Release|Any CPU
		{2545316B-EDF6-1AFF-2E9B-558833B3D81D}.Release|x86.Build.0 = Release|Any CPU
		{DE76DFA9-5190-20D3-CE50-8D20B22D0D1A}.Debug|Any CPU.ActiveCfg = Debug|Any CPU
		{DE76DFA9-5190-20D3-CE50-8D20B22D0D1A}.Debug|Any CPU.Build.0 = Debug|Any CPU
		{DE76DFA9-5190-20D3-CE50-8D20B22D0D1A}.Debug|x64.ActiveCfg = Debug|Any CPU
		{DE76DFA9-5190-20D3-CE50-8D20B22D0D1A}.Debug|x64.Build.0 = Debug|Any CPU
		{DE76DFA9-5190-20D3-CE50-8D20B22D0D1A}.Debug|x86.ActiveCfg = Debug|Any CPU
		{DE76DFA9-5190-20D3-CE50-8D20B22D0D1A}.Debug|x86.Build.0 = Debug|Any CPU
		{DE76DFA9-5190-20D3-CE50-8D20B22D0D1A}.Release|Any CPU.ActiveCfg = Release|Any CPU
		{DE76DFA9-5190-20D3-CE50-8D20B22D0D1A}.Release|Any CPU.Build.0 = Release|Any CPU
		{DE76DFA9-5190-20D3-CE50-8D20B22D0D1A}.Release|x64.ActiveCfg = Release|Any CPU
		{DE76DFA9-5190-20D3-CE50-8D20B22D0D1A}.Release|x64.Build.0 = Release|Any CPU
		{DE76DFA9-5190-20D3-CE50-8D20B22D0D1A}.Release|x86.ActiveCfg = Release|Any CPU
		{DE76DFA9-5190-20D3-CE50-8D20B22D0D1A}.Release|x86.Build.0 = Release|Any CPU
		{6512C14C-C4DC-8ABF-781B-AA1A53A1F26D}.Debug|Any CPU.ActiveCfg = Debug|Any CPU
		{6512C14C-C4DC-8ABF-781B-AA1A53A1F26D}.Debug|Any CPU.Build.0 = Debug|Any CPU
		{6512C14C-C4DC-8ABF-781B-AA1A53A1F26D}.Debug|x64.ActiveCfg = Debug|Any CPU
		{6512C14C-C4DC-8ABF-781B-AA1A53A1F26D}.Debug|x64.Build.0 = Debug|Any CPU
		{6512C14C-C4DC-8ABF-781B-AA1A53A1F26D}.Debug|x86.ActiveCfg = Debug|Any CPU
		{6512C14C-C4DC-8ABF-781B-AA1A53A1F26D}.Debug|x86.Build.0 = Debug|Any CPU
		{6512C14C-C4DC-8ABF-781B-AA1A53A1F26D}.Release|Any CPU.ActiveCfg = Release|Any CPU
		{6512C14C-C4DC-8ABF-781B-AA1A53A1F26D}.Release|Any CPU.Build.0 = Release|Any CPU
		{6512C14C-C4DC-8ABF-781B-AA1A53A1F26D}.Release|x64.ActiveCfg = Release|Any CPU
		{6512C14C-C4DC-8ABF-781B-AA1A53A1F26D}.Release|x64.Build.0 = Release|Any CPU
		{6512C14C-C4DC-8ABF-781B-AA1A53A1F26D}.Release|x86.ActiveCfg = Release|Any CPU
		{6512C14C-C4DC-8ABF-781B-AA1A53A1F26D}.Release|x86.Build.0 = Release|Any CPU
		{D650B8C6-4A9E-A694-5BF5-2EF8D4CD1741}.Debug|Any CPU.ActiveCfg = Debug|Any CPU
		{D650B8C6-4A9E-A694-5BF5-2EF8D4CD1741}.Debug|Any CPU.Build.0 = Debug|Any CPU
		{D650B8C6-4A9E-A694-5BF5-2EF8D4CD1741}.Debug|x64.ActiveCfg = Debug|Any CPU
		{D650B8C6-4A9E-A694-5BF5-2EF8D4CD1741}.Debug|x64.Build.0 = Debug|Any CPU
		{D650B8C6-4A9E-A694-5BF5-2EF8D4CD1741}.Debug|x86.ActiveCfg = Debug|Any CPU
		{D650B8C6-4A9E-A694-5BF5-2EF8D4CD1741}.Debug|x86.Build.0 = Debug|Any CPU
		{D650B8C6-4A9E-A694-5BF5-2EF8D4CD1741}.Release|Any CPU.ActiveCfg = Release|Any CPU
		{D650B8C6-4A9E-A694-5BF5-2EF8D4CD1741}.Release|Any CPU.Build.0 = Release|Any CPU
		{D650B8C6-4A9E-A694-5BF5-2EF8D4CD1741}.Release|x64.ActiveCfg = Release|Any CPU
		{D650B8C6-4A9E-A694-5BF5-2EF8D4CD1741}.Release|x64.Build.0 = Release|Any CPU
		{D650B8C6-4A9E-A694-5BF5-2EF8D4CD1741}.Release|x86.ActiveCfg = Release|Any CPU
		{D650B8C6-4A9E-A694-5BF5-2EF8D4CD1741}.Release|x86.Build.0 = Release|Any CPU
		{198FD010-DDF2-753E-0DDD-ACD190A8D1FF}.Debug|Any CPU.ActiveCfg = Debug|Any CPU
		{198FD010-DDF2-753E-0DDD-ACD190A8D1FF}.Debug|Any CPU.Build.0 = Debug|Any CPU
		{198FD010-DDF2-753E-0DDD-ACD190A8D1FF}.Debug|x64.ActiveCfg = Debug|Any CPU
		{198FD010-DDF2-753E-0DDD-ACD190A8D1FF}.Debug|x64.Build.0 = Debug|Any CPU
		{198FD010-DDF2-753E-0DDD-ACD190A8D1FF}.Debug|x86.ActiveCfg = Debug|Any CPU
		{198FD010-DDF2-753E-0DDD-ACD190A8D1FF}.Debug|x86.Build.0 = Debug|Any CPU
		{198FD010-DDF2-753E-0DDD-ACD190A8D1FF}.Release|Any CPU.ActiveCfg = Release|Any CPU
		{198FD010-DDF2-753E-0DDD-ACD190A8D1FF}.Release|Any CPU.Build.0 = Release|Any CPU
		{198FD010-DDF2-753E-0DDD-ACD190A8D1FF}.Release|x64.ActiveCfg = Release|Any CPU
		{198FD010-DDF2-753E-0DDD-ACD190A8D1FF}.Release|x64.Build.0 = Release|Any CPU
		{198FD010-DDF2-753E-0DDD-ACD190A8D1FF}.Release|x86.ActiveCfg = Release|Any CPU
		{198FD010-DDF2-753E-0DDD-ACD190A8D1FF}.Release|x86.Build.0 = Release|Any CPU
		{C1D2E3F4-A5B6-7890-CDEF-0123456789AB}.Debug|Any CPU.ActiveCfg = Debug|Any CPU
		{C1D2E3F4-A5B6-7890-CDEF-0123456789AB}.Debug|Any CPU.Build.0 = Debug|Any CPU
		{C1D2E3F4-A5B6-7890-CDEF-0123456789AB}.Debug|x64.ActiveCfg = Debug|Any CPU
		{C1D2E3F4-A5B6-7890-CDEF-0123456789AB}.Debug|x64.Build.0 = Debug|Any CPU
		{C1D2E3F4-A5B6-7890-CDEF-0123456789AB}.Debug|x86.ActiveCfg = Debug|Any CPU
		{C1D2E3F4-A5B6-7890-CDEF-0123456789AB}.Debug|x86.Build.0 = Debug|Any CPU
		{C1D2E3F4-A5B6-7890-CDEF-0123456789AB}.Release|Any CPU.ActiveCfg = Release|Any CPU
		{C1D2E3F4-A5B6-7890-CDEF-0123456789AB}.Release|Any CPU.Build.0 = Release|Any CPU
		{C1D2E3F4-A5B6-7890-CDEF-0123456789AB}.Release|x64.ActiveCfg = Release|Any CPU
		{C1D2E3F4-A5B6-7890-CDEF-0123456789AB}.Release|x64.Build.0 = Release|Any CPU
		{C1D2E3F4-A5B6-7890-CDEF-0123456789AB}.Release|x86.ActiveCfg = Release|Any CPU
		{C1D2E3F4-A5B6-7890-CDEF-0123456789AB}.Release|x86.Build.0 = Release|Any CPU
	EndGlobalSection
	GlobalSection(SolutionProperties) = preSolution
		HideSolutionNode = FALSE
	EndGlobalSection
	GlobalSection(NestedProjects) = preSolution
		{A1B2C3D4-E5F6-7890-ABCD-EF1234567890} = {827E0CD3-B72D-47B6-A68D-7590B98EB39B}
		{B2C3D4E5-F678-9012-BCDE-F12345678901} = {827E0CD3-B72D-47B6-A68D-7590B98EB39B}
		{D4E5F678-9012-3456-DEF0-234567890123} = {827E0CD3-B72D-47B6-A68D-7590B98EB39B}
		{E5F67890-1234-5678-EF01-345678901234} = {827E0CD3-B72D-47B6-A68D-7590B98EB39B}
		{F6F78901-2345-6789-0123-456789012345} = {827E0CD3-B72D-47B6-A68D-7590B98EB39B}
		{77777777-7777-7777-7777-777777777777} = {B31C503D-6C14-4B26-869D-5F7A2B988670}
		{EDFA8265-FFCF-4F0E-A004-625C7B84B513} = {827E0CD3-B72D-47B6-A68D-7590B98EB39B}
		{AABBCCDD-1122-3344-5566-778899AABBCC} = {927E0CD3-B72D-47B6-A68D-7590B98EB39C}
		{DDCBC438-A455-69B8-8D4D-6AB38282DB1A} = {B31C503D-6C14-4B26-869D-5F7A2B988670}
		{3E77D314-C46C-588D-8963-8555BC8E3253} = {E66F93CB-1DA2-4061-ABD5-6F9E39C623E1}
		{BD63D317-564F-E4E7-8F9B-C964EAAA4CA4} = {927E0CD3-B72D-47B6-A68D-7590B98EB39C}
		{6A635943-2D62-9A14-04FA-ED1F32B6B069} = {927E0CD3-B72D-47B6-A68D-7590B98EB39C}
		{B6FA4068-1F9D-F7D7-8055-A8BB0325B02C} = {927E0CD3-B72D-47B6-A68D-7590B98EB39C}
		{2545316B-EDF6-1AFF-2E9B-558833B3D81D} = {927E0CD3-B72D-47B6-A68D-7590B98EB39C}
		{DE76DFA9-5190-20D3-CE50-8D20B22D0D1A} = {927E0CD3-B72D-47B6-A68D-7590B98EB39C}
		{6512C14C-C4DC-8ABF-781B-AA1A53A1F26D} = {927E0CD3-B72D-47B6-A68D-7590B98EB39C}
		{D650B8C6-4A9E-A694-5BF5-2EF8D4CD1741} = {927E0CD3-B72D-47B6-A68D-7590B98EB39C}
		{198FD010-DDF2-753E-0DDD-ACD190A8D1FF} = {927E0CD3-B72D-47B6-A68D-7590B98EB39C}
		{C1D2E3F4-A5B6-7890-CDEF-0123456789AB} = {827E0CD3-B72D-47B6-A68D-7590B98EB39B}
	EndGlobalSection
EndGlobal
